
Microsoft Visual Studio Solution File, Format Version 12.00
# Visual Studio Version 17
VisualStudioVersion = 17.1.32319.34
MinimumVisualStudioVersion = 10.0.40219.1
Project("{FAE04EC0-301F-11D3-BF4B-00C04F79EFBC}") = "SerilogDemo", "SerilogDemo\SerilogDemo.csproj", "{48E9693C-1860-42E5-BB0D-093176AD0587}"
EndProject
Global
	GlobalSection(SolutionConfigurationPlatforms) = preSolution
		Debug|Any CPU = Debug|Any CPU
		Release|Any CPU = Release|Any CPU
	EndGlobalSection
	GlobalSection(ProjectConfigurationPlatforms) = postSolution
		{48E9693C-1860-42E5-BB0D-093176AD0587}.Debug|Any CPU.ActiveCfg = Debug|Any CPU
		{48E9693C-1860-42E5-BB0D-093176AD0587}.Debug|Any CPU.Build.0 = Debug|Any CPU
		{48E9693C-1860-42E5-BB0D-093176AD0587}.Release|Any CPU.ActiveCfg = Release|Any CPU
		{48E9693C-1860-42E5-BB0D-093176AD0587}.Release|Any CPU.Build.0 = Release|Any CPU
	EndGlobalSection
	GlobalSection(SolutionProperties) = preSolution
		HideSolutionNode = FALSE
	EndGlobalSection
	GlobalSection(ExtensibilityGlobals) = postSolution
		SolutionGuid = {61F97A16-6626-4176-BB16-2B3E34B7E655}
	EndGlobalSection
EndGlobal
